// !$*UTF8*$!
{
	archiveVersion = 1;
	classes = {
	};
	objectVersion = 48;
	objects = {

/* Begin PBXBuildFile section */
		90BF20681FEA79D500A300AC /* AppDelegate.m in Sources */ = {isa = PBXBuildFile; fileRef = 90BF20671FEA79D500A300AC /* AppDelegate.m */; };
		90BF20701FEA79D500A300AC /* Assets.xcassets in Resources */ = {isa = PBXBuildFile; fileRef = 90BF206F1FEA79D500A300AC /* Assets.xcassets */; };
		90BF20761FEA79D500A300AC /* main.m in Sources */ = {isa = PBXBuildFile; fileRef = 90BF20751FEA79D500A300AC /* main.m */; };
		90BF20801FEA79D500A300AC /* PublishingDemoTests.m in Sources */ = {isa = PBXBuildFile; fileRef = 90BF207F1FEA79D500A300AC /* PublishingDemoTests.m */; };
		90BF208B1FEA79D500A300AC /* PublishingDemoUITests.m in Sources */ = {isa = PBXBuildFile; fileRef = 90BF208A1FEA79D500A300AC /* PublishingDemoUITests.m */; };
		90BF209C1FEA7EA100A300AC /* DXDTabBarController.m in Sources */ = {isa = PBXBuildFile; fileRef = 90BF209B1FEA7EA100A300AC /* DXDTabBarController.m */; };
		90BF209F1FEA7EC600A300AC /* DXDTabBar.m in Sources */ = {isa = PBXBuildFile; fileRef = 90BF209E1FEA7EC600A300AC /* DXDTabBar.m */; };
		90BF20A31FEA7FAA00A300AC /* UIView+Expand.m in Sources */ = {isa = PBXBuildFile; fileRef = 90BF20A21FEA7FAA00A300AC /* UIView+Expand.m */; };
		90BF20A81FEA820600A300AC /* UIImage+Expand.m in Sources */ = {isa = PBXBuildFile; fileRef = 90BF20A71FEA820600A300AC /* UIImage+Expand.m */; };
		90BF20AB1FEA821300A300AC /* UIColor+Expand.m in Sources */ = {isa = PBXBuildFile; fileRef = 90BF20AA1FEA821300A300AC /* UIColor+Expand.m */; };
		90BF20B01FEB4F8B00A300AC /* OneViewController.m in Sources */ = {isa = PBXBuildFile; fileRef = 90BF20AF1FEB4F8B00A300AC /* OneViewController.m */; };
		90BF20B31FEB4F9600A300AC /* TwoViewController.m in Sources */ = {isa = PBXBuildFile; fileRef = 90BF20B21FEB4F9600A300AC /* TwoViewController.m */; };
		90BF20B61FEB4FA100A300AC /* ThreeViewController.m in Sources */ = {isa = PBXBuildFile; fileRef = 90BF20B51FEB4FA100A300AC /* ThreeViewController.m */; };
		90BF20B91FEB4FE800A300AC /* FourViewController.m in Sources */ = {isa = PBXBuildFile; fileRef = 90BF20B81FEB4FE800A300AC /* FourViewController.m */; };
		90BF20BC1FEB502C00A300AC /* PublishingViewController.m in Sources */ = {isa = PBXBuildFile; fileRef = 90BF20BB1FEB502C00A300AC /* PublishingViewController.m */; };
		90BF20C11FEB539000A300AC /* PublishingButton.m in Sources */ = {isa = PBXBuildFile; fileRef = 90BF20C01FEB539000A300AC /* PublishingButton.m */; };
		90BF20C41FEB624C00A300AC /* TestViewController.m in Sources */ = {isa = PBXBuildFile; fileRef = 90BF20C31FEB624C00A300AC /* TestViewController.m */; };
		9D911EC0802DC5E07FFD0965 /* libPods-PublishingDemo.a in Frameworks */ = {isa = PBXBuildFile; fileRef = 1492DCE3F3609A22BA16B478 /* libPods-PublishingDemo.a */; };
/* End PBXBuildFile section */

/* Begin PBXContainerItemProxy section */
		90BF207C1FEA79D500A300AC /* PBXContainerItemProxy */ = {
			isa = PBXContainerItemProxy;
			containerPortal = 90BF205B1FEA79D500A300AC /* Project object */;
			proxyType = 1;
			remoteGlobalIDString = 90BF20621FEA79D500A300AC;
			remoteInfo = PublishingDemo;
		};
		90BF20871FEA79D500A300AC /* PBXContainerItemProxy */ = {
			isa = PBXContainerItemProxy;
			containerPortal = 90BF205B1FEA79D500A300AC /* Project object */;
			proxyType = 1;
			remoteGlobalIDString = 90BF20621FEA79D500A300AC;
			remoteInfo = PublishingDemo;
		};
/* End PBXContainerItemProxy section */

/* Begin PBXFileReference section */
		1492DCE3F3609A22BA16B478 /* libPods-PublishingDemo.a */ = {isa = PBXFileReference; explicitFileType = archive.ar; includeInIndex = 0; path = "libPods-PublishingDemo.a"; sourceTree = BUILT_PRODUCTS_DIR; };
		723BAFE19DB84FE329BC92B1 /* Pods-PublishingDemo.debug.xcconfig */ = {isa = PBXFileReference; includeInIndex = 1; lastKnownFileType = text.xcconfig; name = "Pods-PublishingDemo.debug.xcconfig"; path = "Pods/Target Support Files/Pods-PublishingDemo/Pods-PublishingDemo.debug.xcconfig"; sourceTree = "<group>"; };
		90BF20631FEA79D500A300AC /* PublishingDemo.app */ = {isa = PBXFileReference; explicitFileType = wrapper.application; includeInIndex = 0; path = PublishingDemo.app; sourceTree = BUILT_PRODUCTS_DIR; };
		90BF20661FEA79D500A300AC /* AppDelegate.h */ = {isa = PBXFileReference; lastKnownFileType = sourcecode.c.h; path = AppDelegate.h; sourceTree = "<group>"; };
		90BF20671FEA79D500A300AC /* AppDelegate.m */ = {isa = PBXFileReference; lastKnownFileType = sourcecode.c.objc; path = AppDelegate.m; sourceTree = "<group>"; };
		90BF206F1FEA79D500A300AC /* Assets.xcassets */ = {isa = PBXFileReference; lastKnownFileType = folder.assetcatalog; path = Assets.xcassets; sourceTree = "<group>"; };
		90BF20741FEA79D500A300AC /* Info.plist */ = {isa = PBXFileReference; lastKnownFileType = text.plist.xml; path = Info.plist; sourceTree = "<group>"; };
		90BF20751FEA79D500A300AC /* main.m */ = {isa = PBXFileReference; lastKnownFileType = sourcecode.c.objc; path = main.m; sourceTree = "<group>"; };
		90BF207B1FEA79D500A300AC /* PublishingDemoTests.xctest */ = {isa = PBXFileReference; explicitFileType = wrapper.cfbundle; includeInIndex = 0; path = PublishingDemoTests.xctest; sourceTree = BUILT_PRODUCTS_DIR; };
		90BF207F1FEA79D500A300AC /* PublishingDemoTests.m */ = {isa = PBXFileReference; lastKnownFileType = sourcecode.c.objc; path = PublishingDemoTests.m; sourceTree = "<group>"; };
		90BF20811FEA79D500A300AC /* Info.plist */ = {isa = PBXFileReference; lastKnownFileType = text.plist.xml; path = Info.plist; sourceTree = "<group>"; };
		90BF20861FEA79D500A300AC /* PublishingDemoUITests.xctest */ = {isa = PBXFileReference; explicitFileType = wrapper.cfbundle; includeInIndex = 0; path = PublishingDemoUITests.xctest; sourceTree = BUILT_PRODUCTS_DIR; };
		90BF208A1FEA79D500A300AC /* PublishingDemoUITests.m */ = {isa = PBXFileReference; lastKnownFileType = sourcecode.c.objc; path = PublishingDemoUITests.m; sourceTree = "<group>"; };
		90BF208C1FEA79D500A300AC /* Info.plist */ = {isa = PBXFileReference; lastKnownFileType = text.plist.xml; path = Info.plist; sourceTree = "<group>"; };
		90BF209A1FEA7EA100A300AC /* DXDTabBarController.h */ = {isa = PBXFileReference; lastKnownFileType = sourcecode.c.h; path = DXDTabBarController.h; sourceTree = "<group>"; };
		90BF209B1FEA7EA100A300AC /* DXDTabBarController.m */ = {isa = PBXFileReference; lastKnownFileType = sourcecode.c.objc; path = DXDTabBarController.m; sourceTree = "<group>"; };
		90BF209D1FEA7EC600A300AC /* DXDTabBar.h */ = {isa = PBXFileReference; lastKnownFileType = sourcecode.c.h; path = DXDTabBar.h; sourceTree = "<group>"; };
		90BF209E1FEA7EC600A300AC /* DXDTabBar.m */ = {isa = PBXFileReference; lastKnownFileType = sourcecode.c.objc; path = DXDTabBar.m; sourceTree = "<group>"; };
		90BF20A11FEA7FAA00A300AC /* UIView+Expand.h */ = {isa = PBXFileReference; lastKnownFileType = sourcecode.c.h; path = "UIView+Expand.h"; sourceTree = "<group>"; };
		90BF20A21FEA7FAA00A300AC /* UIView+Expand.m */ = {isa = PBXFileReference; lastKnownFileType = sourcecode.c.objc; path = "UIView+Expand.m"; sourceTree = "<group>"; };
		90BF20A51FEA800A00A300AC /* UIMacros.h */ = {isa = PBXFileReference; lastKnownFileType = sourcecode.c.h; path = UIMacros.h; sourceTree = "<group>"; };
		90BF20A61FEA820600A300AC /* UIImage+Expand.h */ = {isa = PBXFileReference; lastKnownFileType = sourcecode.c.h; path = "UIImage+Expand.h"; sourceTree = "<group>"; };
		90BF20A71FEA820600A300AC /* UIImage+Expand.m */ = {isa = PBXFileReference; lastKnownFileType = sourcecode.c.objc; path = "UIImage+Expand.m"; sourceTree = "<group>"; };
		90BF20A91FEA821300A300AC /* UIColor+Expand.h */ = {isa = PBXFileReference; lastKnownFileType = sourcecode.c.h; path = "UIColor+Expand.h"; sourceTree = "<group>"; };
		90BF20AA1FEA821300A300AC /* UIColor+Expand.m */ = {isa = PBXFileReference; lastKnownFileType = sourcecode.c.objc; path = "UIColor+Expand.m"; sourceTree = "<group>"; };
		90BF20AC1FEA842F00A300AC /* PrefixHeader.pch */ = {isa = PBXFileReference; lastKnownFileType = sourcecode.c.h; path = PrefixHeader.pch; sourceTree = "<group>"; };
		90BF20AE1FEB4F8B00A300AC /* OneViewController.h */ = {isa = PBXFileReference; lastKnownFileType = sourcecode.c.h; path = OneViewController.h; sourceTree = "<group>"; };
		90BF20AF1FEB4F8B00A300AC /* OneViewController.m */ = {isa = PBXFileReference; lastKnownFileType = sourcecode.c.objc; path = OneViewController.m; sourceTree = "<group>"; };
		90BF20B11FEB4F9600A300AC /* TwoViewController.h */ = {isa = PBXFileReference; lastKnownFileType = sourcecode.c.h; path = TwoViewController.h; sourceTree = "<group>"; };
		90BF20B21FEB4F9600A300AC /* TwoViewController.m */ = {isa = PBXFileReference; lastKnownFileType = sourcecode.c.objc; path = TwoViewController.m; sourceTree = "<group>"; };
		90BF20B41FEB4FA100A300AC /* ThreeViewController.h */ = {isa = PBXFileReference; lastKnownFileType = sourcecode.c.h; path = ThreeViewController.h; sourceTree = "<group>"; };
		90BF20B51FEB4FA100A300AC /* ThreeViewController.m */ = {isa = PBXFileReference; lastKnownFileType = sourcecode.c.objc; path = ThreeViewController.m; sourceTree = "<group>"; };
		90BF20B71FEB4FE800A300AC /* FourViewController.h */ = {isa = PBXFileReference; lastKnownFileType = sourcecode.c.h; path = FourViewController.h; sourceTree = "<group>"; };
		90BF20B81FEB4FE800A300AC /* FourViewController.m */ = {isa = PBXFileReference; lastKnownFileType = sourcecode.c.objc; path = FourViewController.m; sourceTree = "<group>"; };
		90BF20BA1FEB502C00A300AC /* PublishingViewController.h */ = {isa = PBXFileReference; lastKnownFileType = sourcecode.c.h; path = PublishingViewController.h; sourceTree = "<group>"; };
		90BF20BB1FEB502C00A300AC /* PublishingViewController.m */ = {isa = PBXFileReference; lastKnownFileType = sourcecode.c.objc; path = PublishingViewController.m; sourceTree = "<group>"; };
		90BF20BF1FEB539000A300AC /* PublishingButton.h */ = {isa = PBXFileReference; lastKnownFileType = sourcecode.c.h; path = PublishingButton.h; sourceTree = "<group>"; };
		90BF20C01FEB539000A300AC /* PublishingButton.m */ = {isa = PBXFileReference; lastKnownFileType = sourcecode.c.objc; path = PublishingButton.m; sourceTree = "<group>"; };
		90BF20C21FEB624C00A300AC /* TestViewController.h */ = {isa = PBXFileReference; lastKnownFileType = sourcecode.c.h; path = TestViewController.h; sourceTree = "<group>"; };
		90BF20C31FEB624C00A300AC /* TestViewController.m */ = {isa = PBXFileReference; lastKnownFileType = sourcecode.c.objc; path = TestViewController.m; sourceTree = "<group>"; };
		B1EA7B4BEB7A219894399F4D /* Pods-PublishingDemo.release.xcconfig */ = {isa = PBXFileReference; includeInIndex = 1; lastKnownFileType = text.xcconfig; name = "Pods-PublishingDemo.release.xcconfig"; path = "Pods/Target Support Files/Pods-PublishingDemo/Pods-PublishingDemo.release.xcconfig"; sourceTree = "<group>"; };
/* End PBXFileReference section */

/* Begin PBXFrameworksBuildPhase section */
		90BF20601FEA79D500A300AC /* Frameworks */ = {
			isa = PBXFrameworksBuildPhase;
			buildActionMask = 2147483647;
			files = (
				9D911EC0802DC5E07FFD0965 /* libPods-PublishingDemo.a in Frameworks */,
			);
			runOnlyForDeploymentPostprocessing = 0;
		};
		90BF20781FEA79D500A300AC /* Frameworks */ = {
			isa = PBXFrameworksBuildPhase;
			buildActionMask = 2147483647;
			files = (
			);
			runOnlyForDeploymentPostprocessing = 0;
		};
		90BF20831FEA79D500A300AC /* Frameworks */ = {
			isa = PBXFrameworksBuildPhase;
			buildActionMask = 2147483647;
			files = (
			);
			runOnlyForDeploymentPostprocessing = 0;
		};
/* End PBXFrameworksBuildPhase section */

/* Begin PBXGroup section */
		90BF205A1FEA79D500A300AC = {
			isa = PBXGroup;
			children = (
				90BF20651FEA79D500A300AC /* PublishingDemo */,
				90BF207E1FEA79D500A300AC /* PublishingDemoTests */,
				90BF20891FEA79D500A300AC /* PublishingDemoUITests */,
				90BF20641FEA79D500A300AC /* Products */,
				96713D9568A04D6A87305839 /* Pods */,
				9CED4D63B5D5E15E9D3E57A2 /* Frameworks */,
			);
			sourceTree = "<group>";
		};
		90BF20641FEA79D500A300AC /* Products */ = {
			isa = PBXGroup;
			children = (
				90BF20631FEA79D500A300AC /* PublishingDemo.app */,
				90BF207B1FEA79D500A300AC /* PublishingDemoTests.xctest */,
				90BF20861FEA79D500A300AC /* PublishingDemoUITests.xctest */,
			);
			name = Products;
			sourceTree = "<group>";
		};
		90BF20651FEA79D500A300AC /* PublishingDemo */ = {
			isa = PBXGroup;
			children = (
				90BF20AD1FEB4F0000A300AC /* Sections */,
				90BF20A41FEA7FDE00A300AC /* Macro */,
				90BF20991FEA7E6D00A300AC /* AppDelegate */,
				90BF20A01FEA7F7A00A300AC /* Categories */,
				90BF20981FEA7E6000A300AC /* Base */,
				90BF206F1FEA79D500A300AC /* Assets.xcassets */,
				90BF20741FEA79D500A300AC /* Info.plist */,
				90BF20751FEA79D500A300AC /* main.m */,
				90BF20AC1FEA842F00A300AC /* PrefixHeader.pch */,
			);
			path = PublishingDemo;
			sourceTree = "<group>";
		};
		90BF207E1FEA79D500A300AC /* PublishingDemoTests */ = {
			isa = PBXGroup;
			children = (
				90BF207F1FEA79D500A300AC /* PublishingDemoTests.m */,
				90BF20811FEA79D500A300AC /* Info.plist */,
			);
			path = PublishingDemoTests;
			sourceTree = "<group>";
		};
		90BF20891FEA79D500A300AC /* PublishingDemoUITests */ = {
			isa = PBXGroup;
			children = (
				90BF208A1FEA79D500A300AC /* PublishingDemoUITests.m */,
				90BF208C1FEA79D500A300AC /* Info.plist */,
			);
			path = PublishingDemoUITests;
			sourceTree = "<group>";
		};
		90BF20981FEA7E6000A300AC /* Base */ = {
			isa = PBXGroup;
			children = (
				90BF209A1FEA7EA100A300AC /* DXDTabBarController.h */,
				90BF209B1FEA7EA100A300AC /* DXDTabBarController.m */,
				90BF209D1FEA7EC600A300AC /* DXDTabBar.h */,
				90BF209E1FEA7EC600A300AC /* DXDTabBar.m */,
			);
			path = Base;
			sourceTree = "<group>";
		};
		90BF20991FEA7E6D00A300AC /* AppDelegate */ = {
			isa = PBXGroup;
			children = (
				90BF20661FEA79D500A300AC /* AppDelegate.h */,
				90BF20671FEA79D500A300AC /* AppDelegate.m */,
			);
			path = AppDelegate;
			sourceTree = "<group>";
		};
		90BF20A01FEA7F7A00A300AC /* Categories */ = {
			isa = PBXGroup;
			children = (
				90BF20A11FEA7FAA00A300AC /* UIView+Expand.h */,
				90BF20A21FEA7FAA00A300AC /* UIView+Expand.m */,
				90BF20A61FEA820600A300AC /* UIImage+Expand.h */,
				90BF20A71FEA820600A300AC /* UIImage+Expand.m */,
				90BF20A91FEA821300A300AC /* UIColor+Expand.h */,
				90BF20AA1FEA821300A300AC /* UIColor+Expand.m */,
			);
			path = Categories;
			sourceTree = "<group>";
		};
		90BF20A41FEA7FDE00A300AC /* Macro */ = {
			isa = PBXGroup;
			children = (
				90BF20A51FEA800A00A300AC /* UIMacros.h */,
			);
			path = Macro;
			sourceTree = "<group>";
		};
		90BF20AD1FEB4F0000A300AC /* Sections */ = {
			isa = PBXGroup;
			children = (
				90BF20BE1FEB535000A300AC /* View */,
				90BF20BD1FEB533A00A300AC /* ViewController */,
			);
			path = Sections;
			sourceTree = "<group>";
		};
		90BF20BD1FEB533A00A300AC /* ViewController */ = {
			isa = PBXGroup;
			children = (
				90BF20AE1FEB4F8B00A300AC /* OneViewController.h */,
				90BF20AF1FEB4F8B00A300AC /* OneViewController.m */,
				90BF20B11FEB4F9600A300AC /* TwoViewController.h */,
				90BF20B21FEB4F9600A300AC /* TwoViewController.m */,
				90BF20B41FEB4FA100A300AC /* ThreeViewController.h */,
				90BF20B51FEB4FA100A300AC /* ThreeViewController.m */,
				90BF20B71FEB4FE800A300AC /* FourViewController.h */,
				90BF20B81FEB4FE800A300AC /* FourViewController.m */,
				90BF20BA1FEB502C00A300AC /* PublishingViewController.h */,
				90BF20BB1FEB502C00A300AC /* PublishingViewController.m */,
				90BF20C21FEB624C00A300AC /* TestViewController.h */,
				90BF20C31FEB624C00A300AC /* TestViewController.m */,
			);
			path = ViewController;
			sourceTree = "<group>";
		};
		90BF20BE1FEB535000A300AC /* View */ = {
			isa = PBXGroup;
			children = (
				90BF20BF1FEB539000A300AC /* PublishingButton.h */,
				90BF20C01FEB539000A300AC /* PublishingButton.m */,
			);
			path = View;
			sourceTree = "<group>";
		};
		96713D9568A04D6A87305839 /* Pods */ = {
			isa = PBXGroup;
			children = (
				723BAFE19DB84FE329BC92B1 /* Pods-PublishingDemo.debug.xcconfig */,
				B1EA7B4BEB7A219894399F4D /* Pods-PublishingDemo.release.xcconfig */,
			);
			name = Pods;
			sourceTree = "<group>";
		};
		9CED4D63B5D5E15E9D3E57A2 /* Frameworks */ = {
			isa = PBXGroup;
			children = (
				1492DCE3F3609A22BA16B478 /* libPods-PublishingDemo.a */,
			);
			name = Frameworks;
			sourceTree = "<group>";
		};
/* End PBXGroup section */

/* Begin PBXNativeTarget section */
		90BF20621FEA79D500A300AC /* PublishingDemo */ = {
			isa = PBXNativeTarget;
			buildConfigurationList = 90BF208F1FEA79D500A300AC /* Build configuration list for PBXNativeTarget "PublishingDemo" */;
			buildPhases = (
				D9216C42F2E18ABA169B9A8D /* [CP] Check Pods Manifest.lock */,
				90BF205F1FEA79D500A300AC /* Sources */,
				90BF20601FEA79D500A300AC /* Frameworks */,
				90BF20611FEA79D500A300AC /* Resources */,
				B7D443E78B3EB9DEF4733FF1 /* [CP] Embed Pods Frameworks */,
				ED70C7C22313B1BA978BC261 /* [CP] Copy Pods Resources */,
			);
			buildRules = (
			);
			dependencies = (
			);
			name = PublishingDemo;
			productName = PublishingDemo;
			productReference = 90BF20631FEA79D500A300AC /* PublishingDemo.app */;
			productType = "com.apple.product-type.application";
		};
		90BF207A1FEA79D500A300AC /* PublishingDemoTests */ = {
			isa = PBXNativeTarget;
			buildConfigurationList = 90BF20921FEA79D500A300AC /* Build configuration list for PBXNativeTarget "PublishingDemoTests" */;
			buildPhases = (
				90BF20771FEA79D500A300AC /* Sources */,
				90BF20781FEA79D500A300AC /* Frameworks */,
				90BF20791FEA79D500A300AC /* Resources */,
			);
			buildRules = (
			);
			dependencies = (
				90BF207D1FEA79D500A300AC /* PBXTargetDependency */,
			);
			name = PublishingDemoTests;
			productName = PublishingDemoTests;
			productReference = 90BF207B1FEA79D500A300AC /* PublishingDemoTests.xctest */;
			productType = "com.apple.product-type.bundle.unit-test";
		};
		90BF20851FEA79D500A300AC /* PublishingDemoUITests */ = {
			isa = PBXNativeTarget;
			buildConfigurationList = 90BF20951FEA79D500A300AC /* Build configuration list for PBXNativeTarget "PublishingDemoUITests" */;
			buildPhases = (
				90BF20821FEA79D500A300AC /* Sources */,
				90BF20831FEA79D500A300AC /* Frameworks */,
				90BF20841FEA79D500A300AC /* Resources */,
			);
			buildRules = (
			);
			dependencies = (
				90BF20881FEA79D500A300AC /* PBXTargetDependency */,
			);
			name = PublishingDemoUITests;
			productName = PublishingDemoUITests;
			productReference = 90BF20861FEA79D500A300AC /* PublishingDemoUITests.xctest */;
			productType = "com.apple.product-type.bundle.ui-testing";
		};
/* End PBXNativeTarget section */

/* Begin PBXProject section */
		90BF205B1FEA79D500A300AC /* Project object */ = {
			isa = PBXProject;
			attributes = {
				LastUpgradeCheck = 0910;
				ORGANIZATIONNAME = "邓旭东";
				TargetAttributes = {
					90BF20621FEA79D500A300AC = {
						CreatedOnToolsVersion = 9.1;
						ProvisioningStyle = Automatic;
					};
					90BF207A1FEA79D500A300AC = {
						CreatedOnToolsVersion = 9.1;
						ProvisioningStyle = Automatic;
						TestTargetID = 90BF20621FEA79D500A300AC;
					};
					90BF20851FEA79D500A300AC = {
						CreatedOnToolsVersion = 9.1;
						ProvisioningStyle = Automatic;
						TestTargetID = 90BF20621FEA79D500A300AC;
					};
				};
			};
			buildConfigurationList = 90BF205E1FEA79D500A300AC /* Build configuration list for PBXProject "PublishingDemo" */;
			compatibilityVersion = "Xcode 8.0";
			developmentRegion = en;
			hasScannedForEncodings = 0;
			knownRegions = (
				en,
				Base,
			);
			mainGroup = 90BF205A1FEA79D500A300AC;
			productRefGroup = 90BF20641FEA79D500A300AC /* Products */;
			projectDirPath = "";
			projectRoot = "";
			targets = (
				90BF20621FEA79D500A300AC /* PublishingDemo */,
				90BF207A1FEA79D500A300AC /* PublishingDemoTests */,
				90BF20851FEA79D500A300AC /* PublishingDemoUITests */,
			);
		};
/* End PBXProject section */

/* Begin PBXResourcesBuildPhase section */
		90BF20611FEA79D500A300AC /* Resources */ = {
			isa = PBXResourcesBuildPhase;
			buildActionMask = 2147483647;
			files = (
				90BF20701FEA79D500A300AC /* Assets.xcassets in Resources */,
			);
			runOnlyForDeploymentPostprocessing = 0;
		};
		90BF20791FEA79D500A300AC /* Resources */ = {
			isa = PBXResourcesBuildPhase;
			buildActionMask = 2147483647;
			files = (
			);
			runOnlyForDeploymentPostprocessing = 0;
		};
		90BF20841FEA79D500A300AC /* Resources */ = {
			isa = PBXResourcesBuildPhase;
			buildActionMask = 2147483647;
			files = (
			);
			runOnlyForDeploymentPostprocessing = 0;
		};
/* End PBXResourcesBuildPhase section */

/* Begin PBXShellScriptBuildPhase section */
		B7D443E78B3EB9DEF4733FF1 /* [CP] Embed Pods Frameworks */ = {
			isa = PBXShellScriptBuildPhase;
			buildActionMask = 2147483647;
			files = (
			);
			inputPaths = (
			);
			name = "[CP] Embed Pods Frameworks";
			outputPaths = (
			);
			runOnlyForDeploymentPostprocessing = 0;
			shellPath = /bin/sh;
			shellScript = "\"${SRCROOT}/Pods/Target Support Files/Pods-PublishingDemo/Pods-PublishingDemo-frameworks.sh\"\n";
			showEnvVarsInLog = 0;
		};
		D9216C42F2E18ABA169B9A8D /* [CP] Check Pods Manifest.lock */ = {
			isa = PBXShellScriptBuildPhase;
			buildActionMask = 2147483647;
			files = (
			);
			inputPaths = (
			);
			name = "[CP] Check Pods Manifest.lock";
			outputPaths = (
			);
			runOnlyForDeploymentPostprocessing = 0;
			shellPath = /bin/sh;
			shellScript = "diff \"${PODS_PODFILE_DIR_PATH}/Podfile.lock\" \"${PODS_ROOT}/Manifest.lock\" > /dev/null\nif [ $? != 0 ] ; then\n    # print error to STDERR\n    echo \"error: The sandbox is not in sync with the Podfile.lock. Run 'pod install' or update your CocoaPods installation.\" >&2\n    exit 1\nfi\n";
			showEnvVarsInLog = 0;
		};
		ED70C7C22313B1BA978BC261 /* [CP] Copy Pods Resources */ = {
			isa = PBXShellScriptBuildPhase;
			buildActionMask = 2147483647;
			files = (
			);
			inputPaths = (
			);
			name = "[CP] Copy Pods Resources";
			outputPaths = (
			);
			runOnlyForDeploymentPostprocessing = 0;
			shellPath = /bin/sh;
			shellScript = "\"${SRCROOT}/Pods/Target Support Files/Pods-PublishingDemo/Pods-PublishingDemo-resources.sh\"\n";
			showEnvVarsInLog = 0;
		};
/* End PBXShellScriptBuildPhase section */

/* Begin PBXSourcesBuildPhase section */
		90BF205F1FEA79D500A300AC /* Sources */ = {
			isa = PBXSourcesBuildPhase;
			buildActionMask = 2147483647;
			files = (
				90BF20A31FEA7FAA00A300AC /* UIView+Expand.m in Sources */,
				90BF20AB1FEA821300A300AC /* UIColor+Expand.m in Sources */,
				90BF20C41FEB624C00A300AC /* TestViewController.m in Sources */,
				90BF20761FEA79D500A300AC /* main.m in Sources */,
				90BF209C1FEA7EA100A300AC /* DXDTabBarController.m in Sources */,
				90BF209F1FEA7EC600A300AC /* DXDTabBar.m in Sources */,
				90BF20681FEA79D500A300AC /* AppDelegate.m in Sources */,
				90BF20B31FEB4F9600A300AC /* TwoViewController.m in Sources */,
				90BF20C11FEB539000A300AC /* PublishingButton.m in Sources */,
				90BF20A81FEA820600A300AC /* UIImage+Expand.m in Sources */,
				90BF20B01FEB4F8B00A300AC /* OneViewController.m in Sources */,
				90BF20BC1FEB502C00A300AC /* PublishingViewController.m in Sources */,
				90BF20B91FEB4FE800A300AC /* FourViewController.m in Sources */,
				90BF20B61FEB4FA100A300AC /* ThreeViewController.m in Sources */,
			);
			runOnlyForDeploymentPostprocessing = 0;
		};
		90BF20771FEA79D500A300AC /* Sources */ = {
			isa = PBXSourcesBuildPhase;
			buildActionMask = 2147483647;
			files = (
				90BF20801FEA79D500A300AC /* PublishingDemoTests.m in Sources */,
			);
			runOnlyForDeploymentPostprocessing = 0;
		};
		90BF20821FEA79D500A300AC /* Sources */ = {
			isa = PBXSourcesBuildPhase;
			buildActionMask = 2147483647;
			files = (
				90BF208B1FEA79D500A300AC /* PublishingDemoUITests.m in Sources */,
			);
			runOnlyForDeploymentPostprocessing = 0;
		};
/* End PBXSourcesBuildPhase section */

/* Begin PBXTargetDependency section */
		90BF207D1FEA79D500A300AC /* PBXTargetDependency */ = {
			isa = PBXTargetDependency;
			target = 90BF20621FEA79D500A300AC /* PublishingDemo */;
			targetProxy = 90BF207C1FEA79D500A300AC /* PBXContainerItemProxy */;
		};
		90BF20881FEA79D500A300AC /* PBXTargetDependency */ = {
			isa = PBXTargetDependency;
			target = 90BF20621FEA79D500A300AC /* PublishingDemo */;
			targetProxy = 90BF20871FEA79D500A300AC /* PBXContainerItemProxy */;
		};
/* End PBXTargetDependency section */

/* Begin XCBuildConfiguration section */
		90BF208D1FEA79D500A300AC /* Debug */ = {
			isa = XCBuildConfiguration;
			buildSettings = {
				ALWAYS_SEARCH_USER_PATHS = NO;
				CLANG_ANALYZER_NONNULL = YES;
				CLANG_ANALYZER_NUMBER_OBJECT_CONVERSION = YES_AGGRESSIVE;
				CLANG_CXX_LANGUAGE_STANDARD = "gnu++14";
				CLANG_CXX_LIBRARY = "libc++";
				CLANG_ENABLE_MODULES = YES;
				CLANG_ENABLE_OBJC_ARC = YES;
				CLANG_WARN_BLOCK_CAPTURE_AUTORELEASING = YES;
				CLANG_WARN_BOOL_CONVERSION = YES;
				CLANG_WARN_COMMA = YES;
				CLANG_WARN_CONSTANT_CONVERSION = YES;
				CLANG_WARN_DIRECT_OBJC_ISA_USAGE = YES_ERROR;
				CLANG_WARN_DOCUMENTATION_COMMENTS = YES;
				CLANG_WARN_EMPTY_BODY = YES;
				CLANG_WARN_ENUM_CONVERSION = YES;
				CLANG_WARN_INFINITE_RECURSION = YES;
				CLANG_WARN_INT_CONVERSION = YES;
				CLANG_WARN_NON_LITERAL_NULL_CONVERSION = YES;
				CLANG_WARN_OBJC_LITERAL_CONVERSION = YES;
				CLANG_WARN_OBJC_ROOT_CLASS = YES_ERROR;
				CLANG_WARN_RANGE_LOOP_ANALYSIS = YES;
				CLANG_WARN_STRICT_PROTOTYPES = YES;
				CLANG_WARN_SUSPICIOUS_MOVE = YES;
				CLANG_WARN_UNGUARDED_AVAILABILITY = YES_AGGRESSIVE;
				CLANG_WARN_UNREACHABLE_CODE = YES;
				CLANG_WARN__DUPLICATE_METHOD_MATCH = YES;
				CODE_SIGN_IDENTITY = "iPhone Developer";
				COPY_PHASE_STRIP = NO;
				DEBUG_INFORMATION_FORMAT = dwarf;
				ENABLE_STRICT_OBJC_MSGSEND = YES;
				ENABLE_TESTABILITY = YES;
				GCC_C_LANGUAGE_STANDARD = gnu11;
				GCC_DYNAMIC_NO_PIC = NO;
				GCC_NO_COMMON_BLOCKS = YES;
				GCC_OPTIMIZATION_LEVEL = 0;
				GCC_PREPROCESSOR_DEFINITIONS = (
					"DEBUG=1",
					"$(inherited)",
				);
				GCC_WARN_64_TO_32_BIT_CONVERSION = YES;
				GCC_WARN_ABOUT_RETURN_TYPE = YES_ERROR;
				GCC_WARN_UNDECLARED_SELECTOR = YES;
				GCC_WARN_UNINITIALIZED_AUTOS = YES_AGGRESSIVE;
				GCC_WARN_UNUSED_FUNCTION = YES;
				GCC_WARN_UNUSED_VARIABLE = YES;
				IPHONEOS_DEPLOYMENT_TARGET = 11.1;
				MTL_ENABLE_DEBUG_INFO = YES;
				ONLY_ACTIVE_ARCH = YES;
				SDKROOT = iphoneos;
			};
			name = Debug;
		};
		90BF208E1FEA79D500A300AC /* Release */ = {
			isa = XCBuildConfiguration;
			buildSettings = {
				ALWAYS_SEARCH_USER_PATHS = NO;
				CLANG_ANALYZER_NONNULL = YES;
				CLANG_ANALYZER_NUMBER_OBJECT_CONVERSION = YES_AGGRESSIVE;
				CLANG_CXX_LANGUAGE_STANDARD = "gnu++14";
				CLANG_CXX_LIBRARY = "libc++";
				CLANG_ENABLE_MODULES = YES;
				CLANG_ENABLE_OBJC_ARC = YES;
				CLANG_WARN_BLOCK_CAPTURE_AUTORELEASING = YES;
				CLANG_WARN_BOOL_CONVERSION = YES;
				CLANG_WARN_COMMA = YES;
				CLANG_WARN_CONSTANT_CONVERSION = YES;
				CLANG_WARN_DIRECT_OBJC_ISA_USAGE = YES_ERROR;
				CLANG_WARN_DOCUMENTATION_COMMENTS = YES;
				CLANG_WARN_EMPTY_BODY = YES;
				CLANG_WARN_ENUM_CONVERSION = YES;
				CLANG_WARN_INFINITE_RECURSION = YES;
				CLANG_WARN_INT_CONVERSION = YES;
				CLANG_WARN_NON_LITERAL_NULL_CONVERSION = YES;
				CLANG_WARN_OBJC_LITERAL_CONVERSION = YES;
				CLANG_WARN_OBJC_ROOT_CLASS = YES_ERROR;
				CLANG_WARN_RANGE_LOOP_ANALYSIS = YES;
				CLANG_WARN_STRICT_PROTOTYPES = YES;
				CLANG_WARN_SUSPICIOUS_MOVE = YES;
				CLANG_WARN_UNGUARDED_AVAILABILITY = YES_AGGRESSIVE;
				CLANG_WARN_UNREACHABLE_CODE = YES;
				CLANG_WARN__DUPLICATE_METHOD_MATCH = YES;
				CODE_SIGN_IDENTITY = "iPhone Developer";
				COPY_PHASE_STRIP = NO;
				DEBUG_INFORMATION_FORMAT = "dwarf-with-dsym";
				ENABLE_NS_ASSERTIONS = NO;
				ENABLE_STRICT_OBJC_MSGSEND = YES;
				GCC_C_LANGUAGE_STANDARD = gnu11;
				GCC_NO_COMMON_BLOCKS = YES;
				GCC_WARN_64_TO_32_BIT_CONVERSION = YES;
				GCC_WARN_ABOUT_RETURN_TYPE = YES_ERROR;
				GCC_WARN_UNDECLARED_SELECTOR = YES;
				GCC_WARN_UNINITIALIZED_AUTOS = YES_AGGRESSIVE;
				GCC_WARN_UNUSED_FUNCTION = YES;
				GCC_WARN_UNUSED_VARIABLE = YES;
				IPHONEOS_DEPLOYMENT_TARGET = 11.1;
				MTL_ENABLE_DEBUG_INFO = NO;
				SDKROOT = iphoneos;
				VALIDATE_PRODUCT = YES;
			};
			name = Release;
		};
		90BF20901FEA79D500A300AC /* Debug */ = {
			isa = XCBuildConfiguration;
			baseConfigurationReference = 723BAFE19DB84FE329BC92B1 /* Pods-PublishingDemo.debug.xcconfig */;
			buildSettings = {
				ASSETCATALOG_COMPILER_APPICON_NAME = AppIcon;
				CODE_SIGN_STYLE = Automatic;
				GCC_PREFIX_HEADER = "$(SRCROOT)/PublishingDemo/PrefixHeader.pch";
				INFOPLIST_FILE = PublishingDemo/Info.plist;
				LD_RUNPATH_SEARCH_PATHS = "$(inherited) @executable_path/Frameworks";
				PRODUCT_BUNDLE_IDENTIFIER = com.sunrise1101.www.PublishingDemo;
				PRODUCT_NAME = "$(TARGET_NAME)";
				TARGETED_DEVICE_FAMILY = "1,2";
			};
			name = Debug;
		};
		90BF20911FEA79D500A300AC /* Release */ = {
			isa = XCBuildConfiguration;
			baseConfigurationReference = B1EA7B4BEB7A219894399F4D /* Pods-PublishingDemo.release.xcconfig */;
			buildSettings = {
				ASSETCATALOG_COMPILER_APPICON_NAME = AppIcon;
				CODE_SIGN_STYLE = Automatic;
				GCC_PREFIX_HEADER = "$(SRCROOT)/PublishingDemo/PrefixHeader.pch";
				INFOPLIST_FILE = PublishingDemo/Info.plist;
				LD_RUNPATH_SEARCH_PATHS = "$(inherited) @executable_path/Frameworks";
				PRODUCT_BUNDLE_IDENTIFIER = com.sunrise1101.www.PublishingDemo;
				PRODUCT_NAME = "$(TARGET_NAME)";
				TARGETED_DEVICE_FAMILY = "1,2";
			};
			name = Release;
		};
		90BF20931FEA79D500A300AC /* Debug */ = {
			isa = XCBuildConfiguration;
			buildSettings = {
				BUNDLE_LOADER = "$(TEST_HOST)";
				CODE_SIGN_STYLE = Automatic;
				INFOPLIST_FILE = PublishingDemoTests/Info.plist;
				LD_RUNPATH_SEARCH_PATHS = "$(inherited) @executable_path/Frameworks @loader_path/Frameworks";
				PRODUCT_BUNDLE_IDENTIFIER = com.sunrise1101.www.PublishingDemoTests;
				PRODUCT_NAME = "$(TARGET_NAME)";
				TARGETED_DEVICE_FAMILY = "1,2";
				TEST_HOST = "$(BUILT_PRODUCTS_DIR)/PublishingDemo.app/PublishingDemo";
			};
			name = Debug;
		};
		90BF20941FEA79D500A300AC /* Release */ = {
			isa = XCBuildConfiguration;
			buildSettings = {
				BUNDLE_LOADER = "$(TEST_HOST)";
				CODE_SIGN_STYLE = Automatic;
				INFOPLIST_FILE = PublishingDemoTests/Info.plist;
				LD_RUNPATH_SEARCH_PATHS = "$(inherited) @executable_path/Frameworks @loader_path/Frameworks";
				PRODUCT_BUNDLE_IDENTIFIER = com.sunrise1101.www.PublishingDemoTests;
				PRODUCT_NAME = "$(TARGET_NAME)";
				TARGETED_DEVICE_FAMILY = "1,2";
				TEST_HOST = "$(BUILT_PRODUCTS_DIR)/PublishingDemo.app/PublishingDemo";
			};
			name = Release;
		};
		90BF20961FEA79D500A300AC /* Debug */ = {
			isa = XCBuildConfiguration;
			buildSettings = {
				CODE_SIGN_STYLE = Automatic;
				INFOPLIST_FILE = PublishingDemoUITests/Info.plist;
				LD_RUNPATH_SEARCH_PATHS = "$(inherited) @executable_path/Frameworks @loader_path/Frameworks";
				PRODUCT_BUNDLE_IDENTIFIER = com.sunrise1101.www.PublishingDemoUITests;
				PRODUCT_NAME = "$(TARGET_NAME)";
				TARGETED_DEVICE_FAMILY = "1,2";
				TEST_TARGET_NAME = PublishingDemo;
			};
			name = Debug;
		};
		90BF20971FEA79D500A300AC /* Release */ = {
			isa = XCBuildConfiguration;
			buildSettings = {
				CODE_SIGN_STYLE = Automatic;
				INFOPLIST_FILE = PublishingDemoUITests/Info.plist;
				LD_RUNPATH_SEARCH_PATHS = "$(inherited) @executable_path/Frameworks @loader_path/Frameworks";
				PRODUCT_BUNDLE_IDENTIFIER = com.sunrise1101.www.PublishingDemoUITests;
				PRODUCT_NAME = "$(TARGET_NAME)";
				TARGETED_DEVICE_FAMILY = "1,2";
				TEST_TARGET_NAME = PublishingDemo;
			};
			name = Release;
		};
/* End XCBuildConfiguration section */

/* Begin XCConfigurationList section */
		90BF205E1FEA79D500A300AC /* Build configuration list for PBXProject "PublishingDemo" */ = {
			isa = XCConfigurationList;
			buildConfigurations = (
				90BF208D1FEA79D500A300AC /* Debug */,
				90BF208E1FEA79D500A300AC /* Release */,
			);
			defaultConfigurationIsVisible = 0;
			defaultConfigurationName = Release;
		};
		90BF208F1FEA79D500A300AC /* Build configuration list for PBXNativeTarget "PublishingDemo" */ = {
			isa = XCConfigurationList;
			buildConfigurations = (
				90BF20901FEA79D500A300AC /* Debug */,
				90BF20911FEA79D500A300AC /* Release */,
			);
			defaultConfigurationIsVisible = 0;
			defaultConfigurationName = Release;
		};
		90BF20921FEA79D500A300AC /* Build configuration list for PBXNativeTarget "PublishingDemoTests" */ = {
			isa = XCConfigurationList;
			buildConfigurations = (
				90BF20931FEA79D500A300AC /* Debug */,
				90BF20941FEA79D500A300AC /* Release */,
			);
			defaultConfigurationIsVisible = 0;
			defaultConfigurationName = Release;
		};
		90BF20951FEA79D500A300AC /* Build configuration list for PBXNativeTarget "PublishingDemoUITests" */ = {
			isa = XCConfigurationList;
			buildConfigurations = (
				90BF20961FEA79D500A300AC /* Debug */,
				90BF20971FEA79D500A300AC /* Release */,
			);
			defaultConfigurationIsVisible = 0;
			defaultConfigurationName = Release;
		};
/* End XCConfigurationList section */
	};
	rootObject = 90BF205B1FEA79D500A300AC /* Project object */;
}
